
Microsoft Visual Studio Solution File, Format Version 12.00
# Visual Studio Version 17
VisualStudioVersion = 17.9.34723.18
MinimumVisualStudioVersion = 10.0.40219.1
Project("{9A19103F-16F7-4668-BE54-9A1E7A4F7556}") = "MoviesWebApi", "MoviesExamProject\MoviesWebApi.csproj", "{EE7B1E8A-C1F6-480C-A8F7-3F466B9852CC}"
EndProject
Project("{9A19103F-16F7-4668-BE54-9A1E7A4F7556}") = "Core", "Core\Core.csproj", "{356E1E7D-8118-4666-9D14-F76FA5587AB0}"
EndProject
Project("{9A19103F-16F7-4668-BE54-9A1E7A4F7556}") = "Infrastructure", "Infrastructure\Infrastructure.csproj", "{0C97AA48-477E-40B1-B0DC-714DCF834AF5}"
EndProject
Global
	GlobalSection(SolutionConfigurationPlatforms) = preSolution
		Debug|Any CPU = Debug|Any CPU
		Release|Any CPU = Release|Any CPU
	EndGlobalSection
	GlobalSection(ProjectConfigurationPlatforms) = postSolution
		{EE7B1E8A-C1F6-480C-A8F7-3F466B9852CC}.Debug|Any CPU.ActiveCfg = Debug|Any CPU
		{EE7B1E8A-C1F6-480C-A8F7-3F466B9852CC}.Debug|Any CPU.Build.0 = Debug|Any CPU
		{EE7B1E8A-C1F6-480C-A8F7-3F466B9852CC}.Release|Any CPU.ActiveCfg = Release|Any CPU
		{EE7B1E8A-C1F6-480C-A8F7-3F466B9852CC}.Release|Any CPU.Build.0 = Release|Any CPU
		{356E1E7D-8118-4666-9D14-F76FA5587AB0}.Debug|Any CPU.ActiveCfg = Debug|Any CPU
		{356E1E7D-8118-4666-9D14-F76FA5587AB0}.Debug|Any CPU.Build.0 = Debug|Any CPU
		{356E1E7D-8118-4666-9D14-F76FA5587AB0}.Release|Any CPU.ActiveCfg = Release|Any CPU
		{356E1E7D-8118-4666-9D14-F76FA5587AB0}.Release|Any CPU.Build.0 = Release|Any CPU
		{0C97AA48-477E-40B1-B0DC-714DCF834AF5}.Debug|Any CPU.ActiveCfg = Debug|Any CPU
		{0C97AA48-477E-40B1-B0DC-714DCF834AF5}.Debug|Any CPU.Build.0 = Debug|Any CPU
		{0C97AA48-477E-40B1-B0DC-714DCF834AF5}.Release|Any CPU.ActiveCfg = Release|Any CPU
		{0C97AA48-477E-40B1-B0DC-714DCF834AF5}.Release|Any CPU.Build.0 = Release|Any CPU
	EndGlobalSection
	GlobalSection(SolutionProperties) = preSolution
		HideSolutionNode = FALSE
	EndGlobalSection
	GlobalSection(ExtensibilityGlobals) = postSolution
		SolutionGuid = {8B2223B0-8E18-4381-9982-74E7F01A0D0C}
	EndGlobalSection
EndGlobal
